<Solution>
  <Folder Name="/src/">
    <Project Path="src/TrafficLabPlus.App/TrafficLabPlus.App.csproj" />
    <Project Path="src/TrafficLabPlus.Core/TrafficLabPlus.Core.csproj" />
  </Folder>
  <Folder Name="/tests/">
    <Project Path="tests/TrafficLabPlus.Tests/TrafficLabPlus.Tests.csproj" />
  </Folder>
</Solution>
